
Microsoft Visual Studio Solution File, Format Version 12.00
# Visual Studio 15
VisualStudioVersion = 15.0.26124.0
MinimumVisualStudioVersion = 15.0.26124.0
Project("{2150E333-8FDC-42A3-9474-1A3956D46DE8}") = "src", "src", "{C8C80C50-FE90-44DE-B6E1-9ABE868E0051}"
EndProject
Project("{FAE04EC0-301F-11D3-BF4B-00C04F79EFBC}") = "SimpleAPI", "src\SimpleAPI\SimpleAPI.csproj", "{8BA8F511-6DD8-4B71-8EB6-1209540BE9D7}"
EndProject
Project("{2150E333-8FDC-42A3-9474-1A3956D46DE8}") = "test", "test", "{DC3A794E-03C3-44DF-935C-EF248063FD9A}"
EndProject
Project("{FAE04EC0-301F-11D3-BF4B-00C04F79EFBC}") = "SimpleAPI.Test", "test\SimpleAPI.Test\SimpleAPI.Test.csproj", "{D1897917-6C9A-4349-A0F1-DDC362C65B3B}"
EndProject
Global
	GlobalSection(SolutionConfigurationPlatforms) = preSolution
		Debug|Any CPU = Debug|Any CPU
		Debug|x64 = Debug|x64
		Debug|x86 = Debug|x86
		Release|Any CPU = Release|Any CPU
		Release|x64 = Release|x64
		Release|x86 = Release|x86
	EndGlobalSection
	GlobalSection(SolutionProperties) = preSolution
		HideSolutionNode = FALSE
	EndGlobalSection
	GlobalSection(ProjectConfigurationPlatforms) = postSolution
		{8BA8F511-6DD8-4B71-8EB6-1209540BE9D7}.Debug|Any CPU.ActiveCfg = Debug|Any CPU
		{8BA8F511-6DD8-4B71-8EB6-1209540BE9D7}.Debug|Any CPU.Build.0 = Debug|Any CPU
		{8BA8F511-6DD8-4B71-8EB6-1209540BE9D7}.Debug|x64.ActiveCfg = Debug|Any CPU
		{8BA8F511-6DD8-4B71-8EB6-1209540BE9D7}.Debug|x64.Build.0 = Debug|Any CPU
		{8BA8F511-6DD8-4B71-8EB6-1209540BE9D7}.Debug|x86.ActiveCfg = Debug|Any CPU
		{8BA8F511-6DD8-4B71-8EB6-1209540BE9D7}.Debug|x86.Build.0 = Debug|Any CPU
		{8BA8F511-6DD8-4B71-8EB6-1209540BE9D7}.Release|Any CPU.ActiveCfg = Release|Any CPU
		{8BA8F511-6DD8-4B71-8EB6-1209540BE9D7}.Release|Any CPU.Build.0 = Release|Any CPU
		{8BA8F511-6DD8-4B71-8EB6-1209540BE9D7}.Release|x64.ActiveCfg = Release|Any CPU
		{8BA8F511-6DD8-4B71-8EB6-1209540BE9D7}.Release|x64.Build.0 = Release|Any CPU
		{8BA8F511-6DD8-4B71-8EB6-1209540BE9D7}.Release|x86.ActiveCfg = Release|Any CPU
		{8BA8F511-6DD8-4B71-8EB6-1209540BE9D7}.Release|x86.Build.0 = Release|Any CPU
		{D1897917-6C9A-4349-A0F1-DDC362C65B3B}.Debug|Any CPU.ActiveCfg = Debug|Any CPU
		{D1897917-6C9A-4349-A0F1-DDC362C65B3B}.Debug|Any CPU.Build.0 = Debug|Any CPU
		{D1897917-6C9A-4349-A0F1-DDC362C65B3B}.Debug|x64.ActiveCfg = Debug|Any CPU
		{D1897917-6C9A-4349-A0F1-DDC362C65B3B}.Debug|x64.Build.0 = Debug|Any CPU
		{D1897917-6C9A-4349-A0F1-DDC362C65B3B}.Debug|x86.ActiveCfg = Debug|Any CPU
		{D1897917-6C9A-4349-A0F1-DDC362C65B3B}.Debug|x86.Build.0 = Debug|Any CPU
		{D1897917-6C9A-4349-A0F1-DDC362C65B3B}.Release|Any CPU.ActiveCfg = Release|Any CPU
		{D1897917-6C9A-4349-A0F1-DDC362C65B3B}.Release|Any CPU.Build.0 = Release|Any CPU
		{D1897917-6C9A-4349-A0F1-DDC362C65B3B}.Release|x64.ActiveCfg = Release|Any CPU
		{D1897917-6C9A-4349-A0F1-DDC362C65B3B}.Release|x64.Build.0 = Release|Any CPU
		{D1897917-6C9A-4349-A0F1-DDC362C65B3B}.Release|x86.ActiveCfg = Release|Any CPU
		{D1897917-6C9A-4349-A0F1-DDC362C65B3B}.Release|x86.Build.0 = Release|Any CPU
	EndGlobalSection
	GlobalSection(NestedProjects) = preSolution
		{8BA8F511-6DD8-4B71-8EB6-1209540BE9D7} = {C8C80C50-FE90-44DE-B6E1-9ABE868E0051}
		{D1897917-6C9A-4349-A0F1-DDC362C65B3B} = {DC3A794E-03C3-44DF-935C-EF248063FD9A}
	EndGlobalSection
EndGlobal
